// !$*UTF8*$!
{
	archiveVersion = 1;
	classes = {
	};
	objectVersion = 77;
	objects = {

/* Begin PBXContainerItemProxy section */
		BA2E10B82E4F856D00616308 /* PBXContainerItemProxy */ = {
			isa = PBXContainerItemProxy;
			containerPortal = BA2E109E2E4F856500616308 /* Project object */;
			proxyType = 1;
			remoteGlobalIDString = BA2E10A52E4F856500616308;
			remoteInfo = "Fusion-Engine";
		};
		BA2E10C22E4F856D00616308 /* PBXContainerItemProxy */ = {
			isa = PBXContainerItemProxy;
			containerPortal = BA2E109E2E4F856500616308 /* Project object */;
			proxyType = 1;
			remoteGlobalIDString = BA2E10A52E4F856500616308;
			remoteInfo = "Fusion-Engine";
		};
/* End PBXContainerItemProxy section */

/* Begin PBXFileReference section */
		BA2E10A62E4F856500616308 /* Fusion-Engine.app */ = {isa = PBXFileReference; explicitFileType = wrapper.application; includeInIndex = 0; path = "Fusion-Engine.app"; sourceTree = BUILT_PRODUCTS_DIR; };
		BA2E10B72E4F856D00616308 /* Fusion-EngineTests.xctest */ = {isa = PBXFileReference; explicitFileType = wrapper.cfbundle; includeInIndex = 0; path = "Fusion-EngineTests.xctest"; sourceTree = BUILT_PRODUCTS_DIR; };
		BA2E10C12E4F856D00616308 /* Fusion-EngineUITests.xctest */ = {isa = PBXFileReference; explicitFileType = wrapper.cfbundle; includeInIndex = 0; path = "Fusion-EngineUITests.xctest"; sourceTree = BUILT_PRODUCTS_DIR; };
/* End PBXFileReference section */

/* Begin PBXFileSystemSynchronizedRootGroup section */
		BA2E10A82E4F856500616308 /* Fusion-Engine */ = {
			isa = PBXFileSystemSynchronizedRootGroup;
			path = "Fusion-Engine";
			sourceTree = "<group>";
		};
		BA2E10BA2E4F856D00616308 /* Fusion-EngineTests */ = {
			isa = PBXFileSystemSynchronizedRootGroup;
			path = "Fusion-EngineTests";
			sourceTree = "<group>";
		};
		BA2E10C42E4F856D00616308 /* Fusion-EngineUITests */ = {
			isa = PBXFileSystemSynchronizedRootGroup;
			path = "Fusion-EngineUITests";
			sourceTree = "<group>";
		};
/* End PBXFileSystemSynchronizedRootGroup section */

/* Begin PBXFrameworksBuildPhase section */
		BA2E10A32E4F856500616308 /* Frameworks */ = {
			isa = PBXFrameworksBuildPhase;
			buildActionMask = 2147483647;
			files = (
			);
			runOnlyForDeploymentPostprocessing = 0;
		};
		BA2E10B42E4F856D00616308 /* Frameworks */ = {
			isa = PBXFrameworksBuildPhase;
			buildActionMask = 2147483647;
			files = (
			);
			runOnlyForDeploymentPostprocessing = 0;
		};
		BA2E10BE2E4F856D00616308 /* Frameworks */ = {
			isa = PBXFrameworksBuildPhase;
			buildActionMask = 2147483647;
			files = (
			);
			runOnlyForDeploymentPostprocessing = 0;
		};
/* End PBXFrameworksBuildPhase section */

/* Begin PBXGroup section */
		BA2E109D2E4F856500616308 = {
			isa = PBXGroup;
			children = (
				BA2E10A82E4F856500616308 /* Fusion-Engine */,
				BA2E10BA2E4F856D00616308 /* Fusion-EngineTests */,
				BA2E10C42E4F856D00616308 /* Fusion-EngineUITests */,
				BA2E10A72E4F856500616308 /* Products */,
			);
			sourceTree = "<group>";
		};
		BA2E10A72E4F856500616308 /* Products */ = {
			isa = PBXGroup;
			children = (
				BA2E10A62E4F856500616308 /* Fusion-Engine.app */,
				BA2E10B72E4F856D00616308 /* Fusion-EngineTests.xctest */,
				BA2E10C12E4F856D00616308 /* Fusion-EngineUITests.xctest */,
			);
			name = Products;
			sourceTree = "<group>";
		};
/* End PBXGroup section */

/* Begin PBXNativeTarget section */
		BA2E10A52E4F856500616308 /* Fusion-Engine */ = {
			isa = PBXNativeTarget;
			buildConfigurationList = BA2E10CB2E4F856D00616308 /* Build configuration list for PBXNativeTarget "Fusion-Engine" */;
			buildPhases = (
				BA2E10A22E4F856500616308 /* Sources */,
				BA2E10A32E4F856500616308 /* Frameworks */,
				BA2E10A42E4F856500616308 /* Resources */,
			);
			buildRules = (
			);
			dependencies = (
			);
			fileSystemSynchronizedGroups = (
				BA2E10A82E4F856500616308 /* Fusion-Engine */,
			);
			name = "Fusion-Engine";
			packageProductDependencies = (
			);
			productName = "Fusion-Engine";
			productReference = BA2E10A62E4F856500616308 /* Fusion-Engine.app */;
			productType = "com.apple.product-type.application";
		};
		BA2E10B62E4F856D00616308 /* Fusion-EngineTests */ = {
			isa = PBXNativeTarget;
			buildConfigurationList = BA2E10CE2E4F856D00616308 /* Build configuration list for PBXNativeTarget "Fusion-EngineTests" */;
			buildPhases = (
				BA2E10B32E4F856D00616308 /* Sources */,
				BA2E10B42E4F856D00616308 /* Frameworks */,
				BA2E10B52E4F856D00616308 /* Resources */,
			);
			buildRules = (
			);
			dependencies = (
				BA2E10B92E4F856D00616308 /* PBXTargetDependency */,
			);
			fileSystemSynchronizedGroups = (
				BA2E10BA2E4F856D00616308 /* Fusion-EngineTests */,
			);
			name = "Fusion-EngineTests";
			packageProductDependencies = (
			);
			productName = "Fusion-EngineTests";
			productReference = BA2E10B72E4F856D00616308 /* Fusion-EngineTests.xctest */;
			productType = "com.apple.product-type.bundle.unit-test";
		};
		BA2E10C02E4F856D00616308 /* Fusion-EngineUITests */ = {
			isa = PBXNativeTarget;
			buildConfigurationList = BA2E10D12E4F856D00616308 /* Build configuration list for PBXNativeTarget "Fusion-EngineUITests" */;
			buildPhases = (
				BA2E10BD2E4F856D00616308 /* Sources */,
				BA2E10BE2E4F856D00616308 /* Frameworks */,
				BA2E10BF2E4F856D00616308 /* Resources */,
			);
			buildRules = (
			);
			dependencies = (
				BA2E10C32E4F856D00616308 /* PBXTargetDependency */,
			);
			fileSystemSynchronizedGroups = (
				BA2E10C42E4F856D00616308 /* Fusion-EngineUITests */,
			);
			name = "Fusion-EngineUITests";
			packageProductDependencies = (
			);
			productName = "Fusion-EngineUITests";
			productReference = BA2E10C12E4F856D00616308 /* Fusion-EngineUITests.xctest */;
			productType = "com.apple.product-type.bundle.ui-testing";
		};
/* End PBXNativeTarget section */

/* Begin PBXProject section */
		BA2E109E2E4F856500616308 /* Project object */ = {
			isa = PBXProject;
			attributes = {
				BuildIndependentTargetsInParallel = 1;
				LastSwiftUpdateCheck = 1640;
				LastUpgradeCheck = 1640;
				TargetAttributes = {
					BA2E10A52E4F856500616308 = {
						CreatedOnToolsVersion = 16.4;
					};
					BA2E10B62E4F856D00616308 = {
						CreatedOnToolsVersion = 16.4;
						TestTargetID = BA2E10A52E4F856500616308;
					};
					BA2E10C02E4F856D00616308 = {
						CreatedOnToolsVersion = 16.4;
						TestTargetID = BA2E10A52E4F856500616308;
					};
				};
			};
			buildConfigurationList = BA2E10A12E4F856500616308 /* Build configuration list for PBXProject "Fusion-Engine" */;
			developmentRegion = en;
			hasScannedForEncodings = 0;
			knownRegions = (
				en,
				Base,
			);
			mainGroup = BA2E109D2E4F856500616308;
			minimizedProjectReferenceProxies = 1;
			preferredProjectObjectVersion = 77;
			productRefGroup = BA2E10A72E4F856500616308 /* Products */;
			projectDirPath = "";
			projectRoot = "";
			targets = (
				BA2E10A52E4F856500616308 /* Fusion-Engine */,
				BA2E10B62E4F856D00616308 /* Fusion-EngineTests */,
				BA2E10C02E4F856D00616308 /* Fusion-EngineUITests */,
			);
		};
/* End PBXProject section */

/* Begin PBXResourcesBuildPhase section */
		BA2E10A42E4F856500616308 /* Resources */ = {
			isa = PBXResourcesBuildPhase;
			buildActionMask = 2147483647;
			files = (
			);
			runOnlyForDeploymentPostprocessing = 0;
		};
		BA2E10B52E4F856D00616308 /* Resources */ = {
			isa = PBXResourcesBuildPhase;
			buildActionMask = 2147483647;
			files = (
			);
			runOnlyForDeploymentPostprocessing = 0;
		};
		BA2E10BF2E4F856D00616308 /* Resources */ = {
			isa = PBXResourcesBuildPhase;
			buildActionMask = 2147483647;
			files = (
			);
			runOnlyForDeploymentPostprocessing = 0;
		};
/* End PBXResourcesBuildPhase section */

/* Begin PBXSourcesBuildPhase section */
		BA2E10A22E4F856500616308 /* Sources */ = {
			isa = PBXSourcesBuildPhase;
			buildActionMask = 2147483647;
			files = (
			);
			runOnlyForDeploymentPostprocessing = 0;
		};
		BA2E10B32E4F856D00616308 /* Sources */ = {
			isa = PBXSourcesBuildPhase;
			buildActionMask = 2147483647;
			files = (
			);
			runOnlyForDeploymentPostprocessing = 0;
		};
		BA2E10BD2E4F856D00616308 /* Sources */ = {
			isa = PBXSourcesBuildPhase;
			buildActionMask = 2147483647;
			files = (
			);
			runOnlyForDeploymentPostprocessing = 0;
		};
/* End PBXSourcesBuildPhase section */

/* Begin PBXTargetDependency section */
		BA2E10B92E4F856D00616308 /* PBXTargetDependency */ = {
			isa = PBXTargetDependency;
			target = BA2E10A52E4F856500616308 /* Fusion-Engine */;
			targetProxy = BA2E10B82E4F856D00616308 /* PBXContainerItemProxy */;
		};
		BA2E10C32E4F856D00616308 /* PBXTargetDependency */ = {
			isa = PBXTargetDependency;
			target = BA2E10A52E4F856500616308 /* Fusion-Engine */;
			targetProxy = BA2E10C22E4F856D00616308 /* PBXContainerItemProxy */;
		};
/* End PBXTargetDependency section */

/* Begin XCBuildConfiguration section */
		BA2E10C92E4F856D00616308 /* Debug */ = {
			isa = XCBuildConfiguration;
			buildSettings = {
				ALWAYS_SEARCH_USER_PATHS = NO;
				ASSETCATALOG_COMPILER_GENERATE_SWIFT_ASSET_SYMBOL_EXTENSIONS = YES;
				CLANG_ANALYZER_NONNULL = YES;
				CLANG_ANALYZER_NUMBER_OBJECT_CONVERSION = YES_AGGRESSIVE;
				CLANG_CXX_LANGUAGE_STANDARD = "gnu++20";
				CLANG_ENABLE_MODULES = YES;
				CLANG_ENABLE_OBJC_ARC = YES;
				CLANG_ENABLE_OBJC_WEAK = YES;
				CLANG_WARN_BLOCK_CAPTURE_AUTORELEASING = YES;
				CLANG_WARN_BOOL_CONVERSION = YES;
				CLANG_WARN_COMMA = YES;
				CLANG_WARN_CONSTANT_CONVERSION = YES;
				CLANG_WARN_DEPRECATED_OBJC_IMPLEMENTATIONS = YES;
				CLANG_WARN_DIRECT_OBJC_ISA_USAGE = YES_ERROR;
				CLANG_WARN_DOCUMENTATION_COMMENTS = YES;
				CLANG_WARN_EMPTY_BODY = YES;
				CLANG_WARN_ENUM_CONVERSION = YES;
				CLANG_WARN_INFINITE_RECURSION = YES;
				CLANG_WARN_INT_CONVERSION = YES;
				CLANG_WARN_NON_LITERAL_NULL_CONVERSION = YES;
				CLANG_WARN_OBJC_IMPLICIT_RETAIN_SELF = YES;
				CLANG_WARN_OBJC_LITERAL_CONVERSION = YES;
				CLANG_WARN_OBJC_ROOT_CLASS = YES_ERROR;
				CLANG_WARN_QUOTED_INCLUDE_IN_FRAMEWORK_HEADER = YES;
				CLANG_WARN_RANGE_LOOP_ANALYSIS = YES;
				CLANG_WARN_STRICT_PROTOTYPES = YES;
				CLANG_WARN_SUSPICIOUS_MOVE = YES;
				CLANG_WARN_UNGUARDED_AVAILABILITY = YES_AGGRESSIVE;
				CLANG_WARN_UNREACHABLE_CODE = YES;
				CLANG_WARN__DUPLICATE_METHOD_MATCH = YES;
				COPY_PHASE_STRIP = NO;
				DEBUG_INFORMATION_FORMAT = dwarf;
				DEVELOPMENT_TEAM = CT2P7VWHVS;
				ENABLE_STRICT_OBJC_MSGSEND = YES;
				ENABLE_TESTABILITY = YES;
				ENABLE_USER_SCRIPT_SANDBOXING = YES;
				GCC_C_LANGUAGE_STANDARD = gnu17;
				GCC_DYNAMIC_NO_PIC = NO;
				GCC_NO_COMMON_BLOCKS = YES;
				GCC_OPTIMIZATION_LEVEL = 0;
				GCC_PREPROCESSOR_DEFINITIONS = (
					"DEBUG=1",
					"$(inherited)",
				);
				GCC_WARN_64_TO_32_BIT_CONVERSION = YES;
				GCC_WARN_ABOUT_RETURN_TYPE = YES_ERROR;
				GCC_WARN_UNDECLARED_SELECTOR = YES;
				GCC_WARN_UNINITIALIZED_AUTOS = YES_AGGRESSIVE;
				GCC_WARN_UNUSED_FUNCTION = YES;
				GCC_WARN_UNUSED_VARIABLE = YES;
				LOCALIZATION_PREFERS_STRING_CATALOGS = YES;
				MACOSX_DEPLOYMENT_TARGET = 15.5;
				MTL_ENABLE_DEBUG_INFO = INCLUDE_SOURCE;
				MTL_FAST_MATH = YES;
				ONLY_ACTIVE_ARCH = YES;
				SDKROOT = macosx;
				SWIFT_ACTIVE_COMPILATION_CONDITIONS = "DEBUG $(inherited)";
				SWIFT_OPTIMIZATION_LEVEL = "-Onone";
			};
			name = Debug;
		};
		BA2E10CA2E4F856D00616308 /* Release */ = {
			isa = XCBuildConfiguration;
			buildSettings = {
				ALWAYS_SEARCH_USER_PATHS = NO;
				ASSETCATALOG_COMPILER_GENERATE_SWIFT_ASSET_SYMBOL_EXTENSIONS = YES;
				CLANG_ANALYZER_NONNULL = YES;
				CLANG_ANALYZER_NUMBER_OBJECT_CONVERSION = YES_AGGRESSIVE;
				CLANG_CXX_LANGUAGE_STANDARD = "gnu++20";
				CLANG_ENABLE_MODULES = YES;
				CLANG_ENABLE_OBJC_ARC = YES;
				CLANG_ENABLE_OBJC_WEAK = YES;
				CLANG_WARN_BLOCK_CAPTURE_AUTORELEASING = YES;
				CLANG_WARN_BOOL_CONVERSION = YES;
				CLANG_WARN_COMMA = YES;
				CLANG_WARN_CONSTANT_CONVERSION = YES;
				CLANG_WARN_DEPRECATED_OBJC_IMPLEMENTATIONS = YES;
				CLANG_WARN_DIRECT_OBJC_ISA_USAGE = YES_ERROR;
				CLANG_WARN_DOCUMENTATION_COMMENTS = YES;
				CLANG_WARN_EMPTY_BODY = YES;
				CLANG_WARN_ENUM_CONVERSION = YES;
				CLANG_WARN_INFINITE_RECURSION = YES;
				CLANG_WARN_INT_CONVERSION = YES;
				CLANG_WARN_NON_LITERAL_NULL_CONVERSION = YES;
				CLANG_WARN_OBJC_IMPLICIT_RETAIN_SELF = YES;
				CLANG_WARN_OBJC_LITERAL_CONVERSION = YES;
				CLANG_WARN_OBJC_ROOT_CLASS = YES_ERROR;
				CLANG_WARN_QUOTED_INCLUDE_IN_FRAMEWORK_HEADER = YES;
				CLANG_WARN_RANGE_LOOP_ANALYSIS = YES;
				CLANG_WARN_STRICT_PROTOTYPES = YES;
				CLANG_WARN_SUSPICIOUS_MOVE = YES;
				CLANG_WARN_UNGUARDED_AVAILABILITY = YES_AGGRESSIVE;
				CLANG_WARN_UNREACHABLE_CODE = YES;
				CLANG_WARN__DUPLICATE_METHOD_MATCH = YES;
				COPY_PHASE_STRIP = NO;
				DEBUG_INFORMATION_FORMAT = "dwarf-with-dsym";
				DEVELOPMENT_TEAM = CT2P7VWHVS;
				ENABLE_NS_ASSERTIONS = NO;
				ENABLE_STRICT_OBJC_MSGSEND = YES;
				ENABLE_USER_SCRIPT_SANDBOXING = YES;
				GCC_C_LANGUAGE_STANDARD = gnu17;
				GCC_NO_COMMON_BLOCKS = YES;
				GCC_WARN_64_TO_32_BIT_CONVERSION = YES;
				GCC_WARN_ABOUT_RETURN_TYPE = YES_ERROR;
				GCC_WARN_UNDECLARED_SELECTOR = YES;
				GCC_WARN_UNINITIALIZED_AUTOS = YES_AGGRESSIVE;
				GCC_WARN_UNUSED_FUNCTION = YES;
				GCC_WARN_UNUSED_VARIABLE = YES;
				LOCALIZATION_PREFERS_STRING_CATALOGS = YES;
				MACOSX_DEPLOYMENT_TARGET = 15.5;
				MTL_ENABLE_DEBUG_INFO = NO;
				MTL_FAST_MATH = YES;
				SDKROOT = macosx;
				SWIFT_COMPILATION_MODE = wholemodule;
			};
			name = Release;
		};
		BA2E10CC2E4F856D00616308 /* Debug */ = {
			isa = XCBuildConfiguration;
			buildSettings = {
				ASSETCATALOG_COMPILER_APPICON_NAME = AppIcon;
				ASSETCATALOG_COMPILER_GLOBAL_ACCENT_COLOR_NAME = AccentColor;
				CODE_SIGN_ENTITLEMENTS = "Fusion-Engine/Fusion_Engine.entitlements";
				CODE_SIGN_STYLE = Automatic;
				COMBINE_HIDPI_IMAGES = YES;
				CURRENT_PROJECT_VERSION = 1;
				DEVELOPMENT_TEAM = CT2P7VWHVS;
				ENABLE_HARDENED_RUNTIME = YES;
				GENERATE_INFOPLIST_FILE = YES;
				INFOPLIST_KEY_NSHumanReadableCopyright = "";
				INFOPLIST_KEY_NSMainStoryboardFile = Main;
				INFOPLIST_KEY_NSPrincipalClass = NSApplication;
				LD_RUNPATH_SEARCH_PATHS = (
					"$(inherited)",
					"@executable_path/../Frameworks",
				);
				MARKETING_VERSION = 1.0;
				PRODUCT_BUNDLE_IDENTIFIER = "com.OneVR.Fusion-Engine";
				PRODUCT_NAME = "$(TARGET_NAME)";
				REGISTER_APP_GROUPS = YES;
				SWIFT_EMIT_LOC_STRINGS = YES;
				SWIFT_VERSION = 5.0;
			};
			name = Debug;
		};
		BA2E10CD2E4F856D00616308 /* Release */ = {
			isa = XCBuildConfiguration;
			buildSettings = {
				ASSETCATALOG_COMPILER_APPICON_NAME = AppIcon;
				ASSETCATALOG_COMPILER_GLOBAL_ACCENT_COLOR_NAME = AccentColor;
				CODE_SIGN_ENTITLEMENTS = "Fusion-Engine/Fusion_Engine.entitlements";
				CODE_SIGN_STYLE = Automatic;
				COMBINE_HIDPI_IMAGES = YES;
				CURRENT_PROJECT_VERSION = 1;
				DEVELOPMENT_TEAM = CT2P7VWHVS;
				ENABLE_HARDENED_RUNTIME = YES;
				GENERATE_INFOPLIST_FILE = YES;
				INFOPLIST_KEY_NSHumanReadableCopyright = "";
				INFOPLIST_KEY_NSMainStoryboardFile = Main;
				INFOPLIST_KEY_NSPrincipalClass = NSApplication;
				LD_RUNPATH_SEARCH_PATHS = (
					"$(inherited)",
					"@executable_path/../Frameworks",
				);
				MARKETING_VERSION = 1.0;
				PRODUCT_BUNDLE_IDENTIFIER = "com.OneVR.Fusion-Engine";
				PRODUCT_NAME = "$(TARGET_NAME)";
				REGISTER_APP_GROUPS = YES;
				SWIFT_EMIT_LOC_STRINGS = YES;
				SWIFT_VERSION = 5.0;
			};
			name = Release;
		};
		BA2E10CF2E4F856D00616308 /* Debug */ = {
			isa = XCBuildConfiguration;
			buildSettings = {
				BUNDLE_LOADER = "$(TEST_HOST)";
				CODE_SIGN_STYLE = Automatic;
				CURRENT_PROJECT_VERSION = 1;
				DEVELOPMENT_TEAM = CT2P7VWHVS;
				GENERATE_INFOPLIST_FILE = YES;
				MACOSX_DEPLOYMENT_TARGET = 15.5;
				MARKETING_VERSION = 1.0;
				PRODUCT_BUNDLE_IDENTIFIER = "com.OneVR.Fusion-EngineTests";
				PRODUCT_NAME = "$(TARGET_NAME)";
				SWIFT_EMIT_LOC_STRINGS = NO;
				SWIFT_VERSION = 5.0;
				TEST_HOST = "$(BUILT_PRODUCTS_DIR)/Fusion-Engine.app/$(BUNDLE_EXECUTABLE_FOLDER_PATH)/Fusion-Engine";
			};
			name = Debug;
		};
		BA2E10D02E4F856D00616308 /* Release */ = {
			isa = XCBuildConfiguration;
			buildSettings = {
				BUNDLE_LOADER = "$(TEST_HOST)";
				CODE_SIGN_STYLE = Automatic;
				CURRENT_PROJECT_VERSION = 1;
				DEVELOPMENT_TEAM = CT2P7VWHVS;
				GENERATE_INFOPLIST_FILE = YES;
				MACOSX_DEPLOYMENT_TARGET = 15.5;
				MARKETING_VERSION = 1.0;
				PRODUCT_BUNDLE_IDENTIFIER = "com.OneVR.Fusion-EngineTests";
				PRODUCT_NAME = "$(TARGET_NAME)";
				SWIFT_EMIT_LOC_STRINGS = NO;
				SWIFT_VERSION = 5.0;
				TEST_HOST = "$(BUILT_PRODUCTS_DIR)/Fusion-Engine.app/$(BUNDLE_EXECUTABLE_FOLDER_PATH)/Fusion-Engine";
			};
			name = Release;
		};
		BA2E10D22E4F856D00616308 /* Debug */ = {
			isa = XCBuildConfiguration;
			buildSettings = {
				CODE_SIGN_STYLE = Automatic;
				CURRENT_PROJECT_VERSION = 1;
				DEVELOPMENT_TEAM = CT2P7VWHVS;
				GENERATE_INFOPLIST_FILE = YES;
				MARKETING_VERSION = 1.0;
				PRODUCT_BUNDLE_IDENTIFIER = "com.OneVR.Fusion-EngineUITests";
				PRODUCT_NAME = "$(TARGET_NAME)";
				SWIFT_EMIT_LOC_STRINGS = NO;
				SWIFT_VERSION = 5.0;
				TEST_TARGET_NAME = "Fusion-Engine";
			};
			name = Debug;
		};
		BA2E10D32E4F856D00616308 /* Release */ = {
			isa = XCBuildConfiguration;
			buildSettings = {
				CODE_SIGN_STYLE = Automatic;
				CURRENT_PROJECT_VERSION = 1;
				DEVELOPMENT_TEAM = CT2P7VWHVS;
				GENERATE_INFOPLIST_FILE = YES;
				MARKETING_VERSION = 1.0;
				PRODUCT_BUNDLE_IDENTIFIER = "com.OneVR.Fusion-EngineUITests";
				PRODUCT_NAME = "$(TARGET_NAME)";
				SWIFT_EMIT_LOC_STRINGS = NO;
				SWIFT_VERSION = 5.0;
				TEST_TARGET_NAME = "Fusion-Engine";
			};
			name = Release;
		};
/* End XCBuildConfiguration section */

/* Begin XCConfigurationList section */
		BA2E10A12E4F856500616308 /* Build configuration list for PBXProject "Fusion-Engine" */ = {
			isa = XCConfigurationList;
			buildConfigurations = (
				BA2E10C92E4F856D00616308 /* Debug */,
				BA2E10CA2E4F856D00616308 /* Release */,
			);
			defaultConfigurationIsVisible = 0;
			defaultConfigurationName = Release;
		};
		BA2E10CB2E4F856D00616308 /* Build configuration list for PBXNativeTarget "Fusion-Engine" */ = {
			isa = XCConfigurationList;
			buildConfigurations = (
				BA2E10CC2E4F856D00616308 /* Debug */,
				BA2E10CD2E4F856D00616308 /* Release */,
			);
			defaultConfigurationIsVisible = 0;
			defaultConfigurationName = Release;
		};
		BA2E10CE2E4F856D00616308 /* Build configuration list for PBXNativeTarget "Fusion-EngineTests" */ = {
			isa = XCConfigurationList;
			buildConfigurations = (
				BA2E10CF2E4F856D00616308 /* Debug */,
				BA2E10D02E4F856D00616308 /* Release */,
			);
			defaultConfigurationIsVisible = 0;
			defaultConfigurationName = Release;
		};
		BA2E10D12E4F856D00616308 /* Build configuration list for PBXNativeTarget "Fusion-EngineUITests" */ = {
			isa = XCConfigurationList;
			buildConfigurations = (
				BA2E10D22E4F856D00616308 /* Debug */,
				BA2E10D32E4F856D00616308 /* Release */,
			);
			defaultConfigurationIsVisible = 0;
			defaultConfigurationName = Release;
		};
/* End XCConfigurationList section */
	};
	rootObject = BA2E109E2E4F856500616308 /* Project object */;
}
